
Microsoft Visual Studio Solution File, Format Version 12.00
# Visual Studio Version 17
VisualStudioVersion = 17.8.34309.116
MinimumVisualStudioVersion = 10.0.40219.1
Project("{FAE04EC0-301F-11D3-BF4B-00C04F79EFBC}") = "NeoCulture141", "NeoCulture141.csproj", "{C22B72EF-287F-4999-8CFB-D179D29E1100}"
EndProject
Project("{FAE04EC0-301F-11D3-BF4B-00C04F79EFBC}") = "NeoCulture141Tests1", "..\NeoCulture141Tests1\NeoCulture141Tests1.csproj", "{9607DB79-5259-45D9-B76B-BAE9582E8015}"
EndProject
Global
	GlobalSection(SolutionConfigurationPlatforms) = preSolution
		Debug|Any CPU = Debug|Any CPU
		Release|Any CPU = Release|Any CPU
	EndGlobalSection
	GlobalSection(ProjectConfigurationPlatforms) = postSolution
		{C22B72EF-287F-4999-8CFB-D179D29E1100}.Debug|Any CPU.ActiveCfg = Debug|Any CPU
		{C22B72EF-287F-4999-8CFB-D179D29E1100}.Debug|Any CPU.Build.0 = Debug|Any CPU
		{C22B72EF-287F-4999-8CFB-D179D29E1100}.Release|Any CPU.ActiveCfg = Release|Any CPU
		{C22B72EF-287F-4999-8CFB-D179D29E1100}.Release|Any CPU.Build.0 = Release|Any CPU
		{9607DB79-5259-45D9-B76B-BAE9582E8015}.Debug|Any CPU.ActiveCfg = Debug|Any CPU
		{9607DB79-5259-45D9-B76B-BAE9582E8015}.Debug|Any CPU.Build.0 = Debug|Any CPU
		{9607DB79-5259-45D9-B76B-BAE9582E8015}.Release|Any CPU.ActiveCfg = Release|Any CPU
		{9607DB79-5259-45D9-B76B-BAE9582E8015}.Release|Any CPU.Build.0 = Release|Any CPU
	EndGlobalSection
	GlobalSection(SolutionProperties) = preSolution
		HideSolutionNode = FALSE
	EndGlobalSection
	GlobalSection(ExtensibilityGlobals) = postSolution
		SolutionGuid = {A9C77834-6CE5-465A-A6FD-02D217D20BCD}
	EndGlobalSection
EndGlobal
